// !$*UTF8*$!
{
	archiveVersion = 1;
	classes = {
	};
	objectVersion = 56;
	objects = {

/* Begin PBXBuildFile section */
		06B52BBE29665C83006821CE /* LogoView.swift in Sources */ = {isa = PBXBuildFile; fileRef = 06B52BBD29665C83006821CE /* LogoView.swift */; };
		06B52BC029665CEF006821CE /* StartView.swift in Sources */ = {isa = PBXBuildFile; fileRef = 06B52BBF29665CEF006821CE /* StartView.swift */; };
		06B52BC229665D74006821CE /* HomeView.swift in Sources */ = {isa = PBXBuildFile; fileRef = 06B52BC129665D74006821CE /* HomeView.swift */; };
		06B52BC429665EC1006821CE /* MeddelandeView.swift in Sources */ = {isa = PBXBuildFile; fileRef = 06B52BC329665EC1006821CE /* MeddelandeView.swift */; };
		06B52BC62966600C006821CE /* AllaPassView.swift in Sources */ = {isa = PBXBuildFile; fileRef = 06B52BC52966600C006821CE /* AllaPassView.swift */; };
		06B52BC829666060006821CE /* MinaPassView.swift in Sources */ = {isa = PBXBuildFile; fileRef = 06B52BC729666060006821CE /* MinaPassView.swift */; };
		06B52BCA296660C1006821CE /* AnsvarigView.swift in Sources */ = {isa = PBXBuildFile; fileRef = 06B52BC9296660C1006821CE /* AnsvarigView.swift */; };
		06B52BCC29666135006821CE /* AddpassView.swift in Sources */ = {isa = PBXBuildFile; fileRef = 06B52BCB29666135006821CE /* AddpassView.swift */; };
		06B52BCE296661C7006821CE /* AllmounthsView.swift in Sources */ = {isa = PBXBuildFile; fileRef = 06B52BCD296661C7006821CE /* AllmounthsView.swift */; };
		06B52BD02966620E006821CE /* AnsvarigkodView.swift in Sources */ = {isa = PBXBuildFile; fileRef = 06B52BCF2966620E006821CE /* AnsvarigkodView.swift */; };
		06B52BD229666245006821CE /* passCode.swift in Sources */ = {isa = PBXBuildFile; fileRef = 06B52BD129666245006821CE /* passCode.swift */; };
		06B52BD4296662DF006821CE /* AngeSchemaView.swift in Sources */ = {isa = PBXBuildFile; fileRef = 06B52BD3296662DF006821CE /* AngeSchemaView.swift */; };
		06B52BD629666338006821CE /* SchemaCode.swift in Sources */ = {isa = PBXBuildFile; fileRef = 06B52BD529666338006821CE /* SchemaCode.swift */; };
		06B52BD829666383006821CE /* ProfilView.swift in Sources */ = {isa = PBXBuildFile; fileRef = 06B52BD729666383006821CE /* ProfilView.swift */; };
		06B52BDA29666452006821CE /* LoadingView.swift in Sources */ = {isa = PBXBuildFile; fileRef = 06B52BD929666452006821CE /* LoadingView.swift */; };
		06B52BDC296664A4006821CE /* FelkodView.swift in Sources */ = {isa = PBXBuildFile; fileRef = 06B52BDB296664A4006821CE /* FelkodView.swift */; };
		06B52BDE296664E8006821CE /* loadSchemaView.swift in Sources */ = {isa = PBXBuildFile; fileRef = 06B52BDD296664E8006821CE /* loadSchemaView.swift */; };
		06B52BE0296B8B72006821CE /* AdminView.swift in Sources */ = {isa = PBXBuildFile; fileRef = 06B52BDF296B8B72006821CE /* AdminView.swift */; };
		06BE9E712966501B00E70E72 /* TimeOnNewApp.swift in Sources */ = {isa = PBXBuildFile; fileRef = 06BE9E702966501B00E70E72 /* TimeOnNewApp.swift */; };
		06BE9E732966501B00E70E72 /* ContentView.swift in Sources */ = {isa = PBXBuildFile; fileRef = 06BE9E722966501B00E70E72 /* ContentView.swift */; };
		06BE9E752966501E00E70E72 /* Assets.xcassets in Resources */ = {isa = PBXBuildFile; fileRef = 06BE9E742966501E00E70E72 /* Assets.xcassets */; };
		06BE9E782966501E00E70E72 /* Preview Assets.xcassets in Resources */ = {isa = PBXBuildFile; fileRef = 06BE9E772966501E00E70E72 /* Preview Assets.xcassets */; };
		06BE9E7F296652F500E70E72 /* GoogleService-Info.plist in Resources */ = {isa = PBXBuildFile; fileRef = 06BE9E7E296652F500E70E72 /* GoogleService-Info.plist */; };
		06BE9E822966544300E70E72 /* FirebaseAnalytics in Frameworks */ = {isa = PBXBuildFile; productRef = 06BE9E812966544300E70E72 /* FirebaseAnalytics */; };
		06BE9E842966544300E70E72 /* FirebaseAuth in Frameworks */ = {isa = PBXBuildFile; productRef = 06BE9E832966544300E70E72 /* FirebaseAuth */; };
		06BE9E862966544300E70E72 /* FirebaseDatabase in Frameworks */ = {isa = PBXBuildFile; productRef = 06BE9E852966544300E70E72 /* FirebaseDatabase */; };
		06BE9E882966544300E70E72 /* FirebaseDatabaseSwift in Frameworks */ = {isa = PBXBuildFile; productRef = 06BE9E872966544300E70E72 /* FirebaseDatabaseSwift */; };
		06BE9E8A2966544300E70E72 /* FirebaseFirestore in Frameworks */ = {isa = PBXBuildFile; productRef = 06BE9E892966544300E70E72 /* FirebaseFirestore */; };
		06BE9E8C2966544300E70E72 /* FirebaseFirestoreSwift in Frameworks */ = {isa = PBXBuildFile; productRef = 06BE9E8B2966544300E70E72 /* FirebaseFirestoreSwift */; };
		06BE9E8E2966544400E70E72 /* FirebaseStorage in Frameworks */ = {isa = PBXBuildFile; productRef = 06BE9E8D2966544400E70E72 /* FirebaseStorage */; };
		06BE9E902966567100E70E72 /* RegistreringCode.swift in Sources */ = {isa = PBXBuildFile; fileRef = 06BE9E8F2966567100E70E72 /* RegistreringCode.swift */; };
		06BE9E922966583800E70E72 /* InloggningCode.swift in Sources */ = {isa = PBXBuildFile; fileRef = 06BE9E912966583800E70E72 /* InloggningCode.swift */; };
		06BE9E942966593000E70E72 /* InloggningView.swift in Sources */ = {isa = PBXBuildFile; fileRef = 06BE9E932966593000E70E72 /* InloggningView.swift */; };
		06BE9E96296659B400E70E72 /* RegistreringView.swift in Sources */ = {isa = PBXBuildFile; fileRef = 06BE9E95296659B400E70E72 /* RegistreringView.swift */; };
/* End PBXBuildFile section */

/* Begin PBXFileReference section */
		06B52BBD29665C83006821CE /* LogoView.swift */ = {isa = PBXFileReference; lastKnownFileType = sourcecode.swift; path = LogoView.swift; sourceTree = "<group>"; };
		06B52BBF29665CEF006821CE /* StartView.swift */ = {isa = PBXFileReference; lastKnownFileType = sourcecode.swift; path = StartView.swift; sourceTree = "<group>"; };
		06B52BC129665D74006821CE /* HomeView.swift */ = {isa = PBXFileReference; lastKnownFileType = sourcecode.swift; path = HomeView.swift; sourceTree = "<group>"; };
		06B52BC329665EC1006821CE /* MeddelandeView.swift */ = {isa = PBXFileReference; lastKnownFileType = sourcecode.swift; path = MeddelandeView.swift; sourceTree = "<group>"; };
		06B52BC52966600C006821CE /* AllaPassView.swift */ = {isa = PBXFileReference; lastKnownFileType = sourcecode.swift; path = AllaPassView.swift; sourceTree = "<group>"; };
		06B52BC729666060006821CE /* MinaPassView.swift */ = {isa = PBXFileReference; lastKnownFileType = sourcecode.swift; path = MinaPassView.swift; sourceTree = "<group>"; };
		06B52BC9296660C1006821CE /* AnsvarigView.swift */ = {isa = PBXFileReference; lastKnownFileType = sourcecode.swift; path = AnsvarigView.swift; sourceTree = "<group>"; };
		06B52BCB29666135006821CE /* AddpassView.swift */ = {isa = PBXFileReference; lastKnownFileType = sourcecode.swift; path = AddpassView.swift; sourceTree = "<group>"; };
		06B52BCD296661C7006821CE /* AllmounthsView.swift */ = {isa = PBXFileReference; lastKnownFileType = sourcecode.swift; path = AllmounthsView.swift; sourceTree = "<group>"; };
		06B52BCF2966620E006821CE /* AnsvarigkodView.swift */ = {isa = PBXFileReference; lastKnownFileType = sourcecode.swift; path = AnsvarigkodView.swift; sourceTree = "<group>"; };
		06B52BD129666245006821CE /* passCode.swift */ = {isa = PBXFileReference; lastKnownFileType = sourcecode.swift; path = passCode.swift; sourceTree = "<group>"; };
		06B52BD3296662DF006821CE /* AngeSchemaView.swift */ = {isa = PBXFileReference; lastKnownFileType = sourcecode.swift; path = AngeSchemaView.swift; sourceTree = "<group>"; };
		06B52BD529666338006821CE /* SchemaCode.swift */ = {isa = PBXFileReference; lastKnownFileType = sourcecode.swift; path = SchemaCode.swift; sourceTree = "<group>"; };
		06B52BD729666383006821CE /* ProfilView.swift */ = {isa = PBXFileReference; lastKnownFileType = sourcecode.swift; path = ProfilView.swift; sourceTree = "<group>"; };
		06B52BD929666452006821CE /* LoadingView.swift */ = {isa = PBXFileReference; lastKnownFileType = sourcecode.swift; path = LoadingView.swift; sourceTree = "<group>"; };
		06B52BDB296664A4006821CE /* FelkodView.swift */ = {isa = PBXFileReference; lastKnownFileType = sourcecode.swift; path = FelkodView.swift; sourceTree = "<group>"; };
		06B52BDD296664E8006821CE /* loadSchemaView.swift */ = {isa = PBXFileReference; lastKnownFileType = sourcecode.swift; path = loadSchemaView.swift; sourceTree = "<group>"; };
		06B52BDF296B8B72006821CE /* AdminView.swift */ = {isa = PBXFileReference; lastKnownFileType = sourcecode.swift; path = AdminView.swift; sourceTree = "<group>"; };
		06BE9E6D2966501B00E70E72 /* TimeOnNew.app */ = {isa = PBXFileReference; explicitFileType = wrapper.application; includeInIndex = 0; path = TimeOnNew.app; sourceTree = BUILT_PRODUCTS_DIR; };
		06BE9E702966501B00E70E72 /* TimeOnNewApp.swift */ = {isa = PBXFileReference; lastKnownFileType = sourcecode.swift; path = TimeOnNewApp.swift; sourceTree = "<group>"; };
		06BE9E722966501B00E70E72 /* ContentView.swift */ = {isa = PBXFileReference; lastKnownFileType = sourcecode.swift; path = ContentView.swift; sourceTree = "<group>"; };
		06BE9E742966501E00E70E72 /* Assets.xcassets */ = {isa = PBXFileReference; lastKnownFileType = folder.assetcatalog; path = Assets.xcassets; sourceTree = "<group>"; };
		06BE9E772966501E00E70E72 /* Preview Assets.xcassets */ = {isa = PBXFileReference; lastKnownFileType = folder.assetcatalog; path = "Preview Assets.xcassets"; sourceTree = "<group>"; };
		06BE9E7E296652F500E70E72 /* GoogleService-Info.plist */ = {isa = PBXFileReference; fileEncoding = 4; lastKnownFileType = text.plist.xml; path = "GoogleService-Info.plist"; sourceTree = "<group>"; };
		06BE9E8F2966567100E70E72 /* RegistreringCode.swift */ = {isa = PBXFileReference; lastKnownFileType = sourcecode.swift; path = RegistreringCode.swift; sourceTree = "<group>"; };
		06BE9E912966583800E70E72 /* InloggningCode.swift */ = {isa = PBXFileReference; lastKnownFileType = sourcecode.swift; path = InloggningCode.swift; sourceTree = "<group>"; };
		06BE9E932966593000E70E72 /* InloggningView.swift */ = {isa = PBXFileReference; lastKnownFileType = sourcecode.swift; path = InloggningView.swift; sourceTree = "<group>"; };
		06BE9E95296659B400E70E72 /* RegistreringView.swift */ = {isa = PBXFileReference; lastKnownFileType = sourcecode.swift; path = RegistreringView.swift; sourceTree = "<group>"; };
/* End PBXFileReference section */

/* Begin PBXFrameworksBuildPhase section */
		06BE9E6A2966501A00E70E72 /* Frameworks */ = {
			isa = PBXFrameworksBuildPhase;
			buildActionMask = 2147483647;
			files = (
				06BE9E882966544300E70E72 /* FirebaseDatabaseSwift in Frameworks */,
				06BE9E862966544300E70E72 /* FirebaseDatabase in Frameworks */,
				06BE9E822966544300E70E72 /* FirebaseAnalytics in Frameworks */,
				06BE9E8A2966544300E70E72 /* FirebaseFirestore in Frameworks */,
				06BE9E8E2966544400E70E72 /* FirebaseStorage in Frameworks */,
				06BE9E842966544300E70E72 /* FirebaseAuth in Frameworks */,
				06BE9E8C2966544300E70E72 /* FirebaseFirestoreSwift in Frameworks */,
			);
			runOnlyForDeploymentPostprocessing = 0;
		};
/* End PBXFrameworksBuildPhase section */

/* Begin PBXGroup section */
		06BE9E642966501A00E70E72 = {
			isa = PBXGroup;
			children = (
				06BE9E6F2966501B00E70E72 /* TimeOnNew */,
				06BE9E6E2966501B00E70E72 /* Products */,
			);
			sourceTree = "<group>";
		};
		06BE9E6E2966501B00E70E72 /* Products */ = {
			isa = PBXGroup;
			children = (
				06BE9E6D2966501B00E70E72 /* TimeOnNew.app */,
			);
			name = Products;
			sourceTree = "<group>";
		};
		06BE9E6F2966501B00E70E72 /* TimeOnNew */ = {
			isa = PBXGroup;
			children = (
				06BE9E7E296652F500E70E72 /* GoogleService-Info.plist */,
				06BE9E95296659B400E70E72 /* RegistreringView.swift */,
				06BE9E8F2966567100E70E72 /* RegistreringCode.swift */,
				06BE9E912966583800E70E72 /* InloggningCode.swift */,
				06BE9E932966593000E70E72 /* InloggningView.swift */,
				06BE9E702966501B00E70E72 /* TimeOnNewApp.swift */,
				06BE9E722966501B00E70E72 /* ContentView.swift */,
				06B52BBF29665CEF006821CE /* StartView.swift */,
				06B52BC129665D74006821CE /* HomeView.swift */,
				06B52BD3296662DF006821CE /* AngeSchemaView.swift */,
				06B52BD529666338006821CE /* SchemaCode.swift */,
				06B52BC329665EC1006821CE /* MeddelandeView.swift */,
				06B52BC52966600C006821CE /* AllaPassView.swift */,
				06B52BC729666060006821CE /* MinaPassView.swift */,
				06B52BC9296660C1006821CE /* AnsvarigView.swift */,
				06B52BCB29666135006821CE /* AddpassView.swift */,
				06B52BCD296661C7006821CE /* AllmounthsView.swift */,
				06B52BCF2966620E006821CE /* AnsvarigkodView.swift */,
				06B52BDF296B8B72006821CE /* AdminView.swift */,
				06B52BD129666245006821CE /* passCode.swift */,
				06B52BD729666383006821CE /* ProfilView.swift */,
				06B52BBD29665C83006821CE /* LogoView.swift */,
				06B52BD929666452006821CE /* LoadingView.swift */,
				06B52BDB296664A4006821CE /* FelkodView.swift */,
				06B52BDD296664E8006821CE /* loadSchemaView.swift */,
				06BE9E742966501E00E70E72 /* Assets.xcassets */,
				06BE9E762966501E00E70E72 /* Preview Content */,
			);
			path = TimeOnNew;
			sourceTree = "<group>";
		};
		06BE9E762966501E00E70E72 /* Preview Content */ = {
			isa = PBXGroup;
			children = (
				06BE9E772966501E00E70E72 /* Preview Assets.xcassets */,
			);
			path = "Preview Content";
			sourceTree = "<group>";
		};
/* End PBXGroup section */

/* Begin PBXNativeTarget section */
		06BE9E6C2966501A00E70E72 /* TimeOnNew */ = {
			isa = PBXNativeTarget;
			buildConfigurationList = 06BE9E7B2966501E00E70E72 /* Build configuration list for PBXNativeTarget "TimeOnNew" */;
			buildPhases = (
				06BE9E692966501A00E70E72 /* Sources */,
				06BE9E6A2966501A00E70E72 /* Frameworks */,
				06BE9E6B2966501A00E70E72 /* Resources */,
			);
			buildRules = (
			);
			dependencies = (
			);
			name = TimeOnNew;
			packageProductDependencies = (
				06BE9E812966544300E70E72 /* FirebaseAnalytics */,
				06BE9E832966544300E70E72 /* FirebaseAuth */,
				06BE9E852966544300E70E72 /* FirebaseDatabase */,
				06BE9E872966544300E70E72 /* FirebaseDatabaseSwift */,
				06BE9E892966544300E70E72 /* FirebaseFirestore */,
				06BE9E8B2966544300E70E72 /* FirebaseFirestoreSwift */,
				06BE9E8D2966544400E70E72 /* FirebaseStorage */,
			);
			productName = TimeOnNew;
			productReference = 06BE9E6D2966501B00E70E72 /* TimeOnNew.app */;
			productType = "com.apple.product-type.application";
		};
/* End PBXNativeTarget section */

/* Begin PBXProject section */
		06BE9E652966501A00E70E72 /* Project object */ = {
			isa = PBXProject;
			attributes = {
				BuildIndependentTargetsInParallel = 1;
				LastSwiftUpdateCheck = 1420;
				LastUpgradeCheck = 1420;
				TargetAttributes = {
					06BE9E6C2966501A00E70E72 = {
						CreatedOnToolsVersion = 14.2;
					};
				};
			};
			buildConfigurationList = 06BE9E682966501A00E70E72 /* Build configuration list for PBXProject "TimeOnNew" */;
			compatibilityVersion = "Xcode 14.0";
			developmentRegion = en;
			hasScannedForEncodings = 0;
			knownRegions = (
				en,
				Base,
			);
			mainGroup = 06BE9E642966501A00E70E72;
			packageReferences = (
				06BE9E802966544300E70E72 /* XCRemoteSwiftPackageReference "firebase-ios-sdk" */,
			);
			productRefGroup = 06BE9E6E2966501B00E70E72 /* Products */;
			projectDirPath = "";
			projectRoot = "";
			targets = (
				06BE9E6C2966501A00E70E72 /* TimeOnNew */,
			);
		};
/* End PBXProject section */

/* Begin PBXResourcesBuildPhase section */
		06BE9E6B2966501A00E70E72 /* Resources */ = {
			isa = PBXResourcesBuildPhase;
			buildActionMask = 2147483647;
			files = (
				06BE9E782966501E00E70E72 /* Preview Assets.xcassets in Resources */,
				06BE9E752966501E00E70E72 /* Assets.xcassets in Resources */,
				06BE9E7F296652F500E70E72 /* GoogleService-Info.plist in Resources */,
			);
			runOnlyForDeploymentPostprocessing = 0;
		};
/* End PBXResourcesBuildPhase section */

/* Begin PBXSourcesBuildPhase section */
		06BE9E692966501A00E70E72 /* Sources */ = {
			isa = PBXSourcesBuildPhase;
			buildActionMask = 2147483647;
			files = (
				06B52BD229666245006821CE /* passCode.swift in Sources */,
				06B52BC229665D74006821CE /* HomeView.swift in Sources */,
				06B52BCA296660C1006821CE /* AnsvarigView.swift in Sources */,
				06B52BDC296664A4006821CE /* FelkodView.swift in Sources */,
				06B52BC429665EC1006821CE /* MeddelandeView.swift in Sources */,
				06B52BD629666338006821CE /* SchemaCode.swift in Sources */,
				06B52BDA29666452006821CE /* LoadingView.swift in Sources */,
				06BE9E942966593000E70E72 /* InloggningView.swift in Sources */,
				06B52BDE296664E8006821CE /* loadSchemaView.swift in Sources */,
				06B52BD829666383006821CE /* ProfilView.swift in Sources */,
				06B52BD02966620E006821CE /* AnsvarigkodView.swift in Sources */,
				06BE9E732966501B00E70E72 /* ContentView.swift in Sources */,
				06BE9E902966567100E70E72 /* RegistreringCode.swift in Sources */,
				06B52BD4296662DF006821CE /* AngeSchemaView.swift in Sources */,
				06B52BE0296B8B72006821CE /* AdminView.swift in Sources */,
				06B52BC029665CEF006821CE /* StartView.swift in Sources */,
				06B52BCC29666135006821CE /* AddpassView.swift in Sources */,
				06B52BC62966600C006821CE /* AllaPassView.swift in Sources */,
				06BE9E922966583800E70E72 /* InloggningCode.swift in Sources */,
				06B52BC829666060006821CE /* MinaPassView.swift in Sources */,
				06B52BBE29665C83006821CE /* LogoView.swift in Sources */,
				06B52BCE296661C7006821CE /* AllmounthsView.swift in Sources */,
				06BE9E712966501B00E70E72 /* TimeOnNewApp.swift in Sources */,
				06BE9E96296659B400E70E72 /* RegistreringView.swift in Sources */,
			);
			runOnlyForDeploymentPostprocessing = 0;
		};
/* End PBXSourcesBuildPhase section */

/* Begin XCBuildConfiguration section */
		06BE9E792966501E00E70E72 /* Debug */ = {
			isa = XCBuildConfiguration;
			buildSettings = {
				ALWAYS_SEARCH_USER_PATHS = NO;
				CLANG_ANALYZER_NONNULL = YES;
				CLANG_ANALYZER_NUMBER_OBJECT_CONVERSION = YES_AGGRESSIVE;
				CLANG_CXX_LANGUAGE_STANDARD = "gnu++20";
				CLANG_ENABLE_MODULES = YES;
				CLANG_ENABLE_OBJC_ARC = YES;
				CLANG_ENABLE_OBJC_WEAK = YES;
				CLANG_WARN_BLOCK_CAPTURE_AUTORELEASING = YES;
				CLANG_WARN_BOOL_CONVERSION = YES;
				CLANG_WARN_COMMA = YES;
				CLANG_WARN_CONSTANT_CONVERSION = YES;
				CLANG_WARN_DEPRECATED_OBJC_IMPLEMENTATIONS = YES;
				CLANG_WARN_DIRECT_OBJC_ISA_USAGE = YES_ERROR;
				CLANG_WARN_DOCUMENTATION_COMMENTS = YES;
				CLANG_WARN_EMPTY_BODY = YES;
				CLANG_WARN_ENUM_CONVERSION = YES;
				CLANG_WARN_INFINITE_RECURSION = YES;
				CLANG_WARN_INT_CONVERSION = YES;
				CLANG_WARN_NON_LITERAL_NULL_CONVERSION = YES;
				CLANG_WARN_OBJC_IMPLICIT_RETAIN_SELF = YES;
				CLANG_WARN_OBJC_LITERAL_CONVERSION = YES;
				CLANG_WARN_OBJC_ROOT_CLASS = YES_ERROR;
				CLANG_WARN_QUOTED_INCLUDE_IN_FRAMEWORK_HEADER = YES;
				CLANG_WARN_RANGE_LOOP_ANALYSIS = YES;
				CLANG_WARN_STRICT_PROTOTYPES = YES;
				CLANG_WARN_SUSPICIOUS_MOVE = YES;
				CLANG_WARN_UNGUARDED_AVAILABILITY = YES_AGGRESSIVE;
				CLANG_WARN_UNREACHABLE_CODE = YES;
				CLANG_WARN__DUPLICATE_METHOD_MATCH = YES;
				COPY_PHASE_STRIP = NO;
				DEBUG_INFORMATION_FORMAT = dwarf;
				ENABLE_STRICT_OBJC_MSGSEND = YES;
				ENABLE_TESTABILITY = YES;
				GCC_C_LANGUAGE_STANDARD = gnu11;
				GCC_DYNAMIC_NO_PIC = NO;
				GCC_NO_COMMON_BLOCKS = YES;
				GCC_OPTIMIZATION_LEVEL = 0;
				GCC_PREPROCESSOR_DEFINITIONS = (
					"DEBUG=1",
					"$(inherited)",
				);
				GCC_WARN_64_TO_32_BIT_CONVERSION = YES;
				GCC_WARN_ABOUT_RETURN_TYPE = YES_ERROR;
				GCC_WARN_UNDECLARED_SELECTOR = YES;
				GCC_WARN_UNINITIALIZED_AUTOS = YES_AGGRESSIVE;
				GCC_WARN_UNUSED_FUNCTION = YES;
				GCC_WARN_UNUSED_VARIABLE = YES;
				IPHONEOS_DEPLOYMENT_TARGET = 16.2;
				MTL_ENABLE_DEBUG_INFO = INCLUDE_SOURCE;
				MTL_FAST_MATH = YES;
				ONLY_ACTIVE_ARCH = YES;
				SDKROOT = iphoneos;
				SWIFT_ACTIVE_COMPILATION_CONDITIONS = DEBUG;
				SWIFT_OPTIMIZATION_LEVEL = "-Onone";
			};
			name = Debug;
		};
		06BE9E7A2966501E00E70E72 /* Release */ = {
			isa = XCBuildConfiguration;
			buildSettings = {
				ALWAYS_SEARCH_USER_PATHS = NO;
				CLANG_ANALYZER_NONNULL = YES;
				CLANG_ANALYZER_NUMBER_OBJECT_CONVERSION = YES_AGGRESSIVE;
				CLANG_CXX_LANGUAGE_STANDARD = "gnu++20";
				CLANG_ENABLE_MODULES = YES;
				CLANG_ENABLE_OBJC_ARC = YES;
				CLANG_ENABLE_OBJC_WEAK = YES;
				CLANG_WARN_BLOCK_CAPTURE_AUTORELEASING = YES;
				CLANG_WARN_BOOL_CONVERSION = YES;
				CLANG_WARN_COMMA = YES;
				CLANG_WARN_CONSTANT_CONVERSION = YES;
				CLANG_WARN_DEPRECATED_OBJC_IMPLEMENTATIONS = YES;
				CLANG_WARN_DIRECT_OBJC_ISA_USAGE = YES_ERROR;
				CLANG_WARN_DOCUMENTATION_COMMENTS = YES;
				CLANG_WARN_EMPTY_BODY = YES;
				CLANG_WARN_ENUM_CONVERSION = YES;
				CLANG_WARN_INFINITE_RECURSION = YES;
				CLANG_WARN_INT_CONVERSION = YES;
				CLANG_WARN_NON_LITERAL_NULL_CONVERSION = YES;
				CLANG_WARN_OBJC_IMPLICIT_RETAIN_SELF = YES;
				CLANG_WARN_OBJC_LITERAL_CONVERSION = YES;
				CLANG_WARN_OBJC_ROOT_CLASS = YES_ERROR;
				CLANG_WARN_QUOTED_INCLUDE_IN_FRAMEWORK_HEADER = YES;
				CLANG_WARN_RANGE_LOOP_ANALYSIS = YES;
				CLANG_WARN_STRICT_PROTOTYPES = YES;
				CLANG_WARN_SUSPICIOUS_MOVE = YES;
				CLANG_WARN_UNGUARDED_AVAILABILITY = YES_AGGRESSIVE;
				CLANG_WARN_UNREACHABLE_CODE = YES;
				CLANG_WARN__DUPLICATE_METHOD_MATCH = YES;
				COPY_PHASE_STRIP = NO;
				DEBUG_INFORMATION_FORMAT = "dwarf-with-dsym";
				ENABLE_NS_ASSERTIONS = NO;
				ENABLE_STRICT_OBJC_MSGSEND = YES;
				GCC_C_LANGUAGE_STANDARD = gnu11;
				GCC_NO_COMMON_BLOCKS = YES;
				GCC_WARN_64_TO_32_BIT_CONVERSION = YES;
				GCC_WARN_ABOUT_RETURN_TYPE = YES_ERROR;
				GCC_WARN_UNDECLARED_SELECTOR = YES;
				GCC_WARN_UNINITIALIZED_AUTOS = YES_AGGRESSIVE;
				GCC_WARN_UNUSED_FUNCTION = YES;
				GCC_WARN_UNUSED_VARIABLE = YES;
				IPHONEOS_DEPLOYMENT_TARGET = 16.2;
				MTL_ENABLE_DEBUG_INFO = NO;
				MTL_FAST_MATH = YES;
				SDKROOT = iphoneos;
				SWIFT_COMPILATION_MODE = wholemodule;
				SWIFT_OPTIMIZATION_LEVEL = "-O";
				VALIDATE_PRODUCT = YES;
			};
			name = Release;
		};
		06BE9E7C2966501E00E70E72 /* Debug */ = {
			isa = XCBuildConfiguration;
			buildSettings = {
				ASSETCATALOG_COMPILER_APPICON_NAME = AppIcon;
				ASSETCATALOG_COMPILER_GLOBAL_ACCENT_COLOR_NAME = AccentColor;
				CODE_SIGN_STYLE = Automatic;
				CURRENT_PROJECT_VERSION = 1;
				DEVELOPMENT_ASSET_PATHS = "\"TimeOnNew/Preview Content\"";
				DEVELOPMENT_TEAM = NFB7N57L4N;
				ENABLE_PREVIEWS = YES;
				GENERATE_INFOPLIST_FILE = YES;
				INFOPLIST_KEY_UIApplicationSceneManifest_Generation = YES;
				INFOPLIST_KEY_UIApplicationSupportsIndirectInputEvents = YES;
				INFOPLIST_KEY_UILaunchScreen_Generation = YES;
				INFOPLIST_KEY_UISupportedInterfaceOrientations_iPad = "UIInterfaceOrientationPortrait UIInterfaceOrientationPortraitUpsideDown UIInterfaceOrientationLandscapeLeft UIInterfaceOrientationLandscapeRight";
				INFOPLIST_KEY_UISupportedInterfaceOrientations_iPhone = "UIInterfaceOrientationPortrait UIInterfaceOrientationLandscapeLeft UIInterfaceOrientationLandscapeRight";
				IPHONEOS_DEPLOYMENT_TARGET = 16.0;
				LD_RUNPATH_SEARCH_PATHS = (
					"$(inherited)",
					"@executable_path/Frameworks",
				);
				MARKETING_VERSION = 1.0;
				PRODUCT_BUNDLE_IDENTIFIER = se.Hasanen.TimeOnNew;
				PRODUCT_NAME = "$(TARGET_NAME)";
				SWIFT_EMIT_LOC_STRINGS = YES;
				SWIFT_VERSION = 5.0;
				TARGETED_DEVICE_FAMILY = "1,2";
			};
			name = Debug;
		};
		06BE9E7D2966501E00E70E72 /* Release */ = {
			isa = XCBuildConfiguration;
			buildSettings = {
				ASSETCATALOG_COMPILER_APPICON_NAME = AppIcon;
				ASSETCATALOG_COMPILER_GLOBAL_ACCENT_COLOR_NAME = AccentColor;
				CODE_SIGN_STYLE = Automatic;
				CURRENT_PROJECT_VERSION = 1;
				DEVELOPMENT_ASSET_PATHS = "\"TimeOnNew/Preview Content\"";
				DEVELOPMENT_TEAM = NFB7N57L4N;
				ENABLE_PREVIEWS = YES;
				GENERATE_INFOPLIST_FILE = YES;
				INFOPLIST_KEY_UIApplicationSceneManifest_Generation = YES;
				INFOPLIST_KEY_UIApplicationSupportsIndirectInputEvents = YES;
				INFOPLIST_KEY_UILaunchScreen_Generation = YES;
				INFOPLIST_KEY_UISupportedInterfaceOrientations_iPad = "UIInterfaceOrientationPortrait UIInterfaceOrientationPortraitUpsideDown UIInterfaceOrientationLandscapeLeft UIInterfaceOrientationLandscapeRight";
				INFOPLIST_KEY_UISupportedInterfaceOrientations_iPhone = "UIInterfaceOrientationPortrait UIInterfaceOrientationLandscapeLeft UIInterfaceOrientationLandscapeRight";
				IPHONEOS_DEPLOYMENT_TARGET = 16.0;
				LD_RUNPATH_SEARCH_PATHS = (
					"$(inherited)",
					"@executable_path/Frameworks",
				);
				MARKETING_VERSION = 1.0;
				PRODUCT_BUNDLE_IDENTIFIER = se.Hasanen.TimeOnNew;
				PRODUCT_NAME = "$(TARGET_NAME)";
				SWIFT_EMIT_LOC_STRINGS = YES;
				SWIFT_VERSION = 5.0;
				TARGETED_DEVICE_FAMILY = "1,2";
			};
			name = Release;
		};
/* End XCBuildConfiguration section */

/* Begin XCConfigurationList section */
		06BE9E682966501A00E70E72 /* Build configuration list for PBXProject "TimeOnNew" */ = {
			isa = XCConfigurationList;
			buildConfigurations = (
				06BE9E792966501E00E70E72 /* Debug */,
				06BE9E7A2966501E00E70E72 /* Release */,
			);
			defaultConfigurationIsVisible = 0;
			defaultConfigurationName = Release;
		};
		06BE9E7B2966501E00E70E72 /* Build configuration list for PBXNativeTarget "TimeOnNew" */ = {
			isa = XCConfigurationList;
			buildConfigurations = (
				06BE9E7C2966501E00E70E72 /* Debug */,
				06BE9E7D2966501E00E70E72 /* Release */,
			);
			defaultConfigurationIsVisible = 0;
			defaultConfigurationName = Release;
		};
/* End XCConfigurationList section */

/* Begin XCRemoteSwiftPackageReference section */
		06BE9E802966544300E70E72 /* XCRemoteSwiftPackageReference "firebase-ios-sdk" */ = {
			isa = XCRemoteSwiftPackageReference;
			repositoryURL = "https://github.com/firebase/firebase-ios-sdk";
			requirement = {
				branch = master;
				kind = branch;
			};
		};
/* End XCRemoteSwiftPackageReference section */

/* Begin XCSwiftPackageProductDependency section */
		06BE9E812966544300E70E72 /* FirebaseAnalytics */ = {
			isa = XCSwiftPackageProductDependency;
			package = 06BE9E802966544300E70E72 /* XCRemoteSwiftPackageReference "firebase-ios-sdk" */;
			productName = FirebaseAnalytics;
		};
		06BE9E832966544300E70E72 /* FirebaseAuth */ = {
			isa = XCSwiftPackageProductDependency;
			package = 06BE9E802966544300E70E72 /* XCRemoteSwiftPackageReference "firebase-ios-sdk" */;
			productName = FirebaseAuth;
		};
		06BE9E852966544300E70E72 /* FirebaseDatabase */ = {
			isa = XCSwiftPackageProductDependency;
			package = 06BE9E802966544300E70E72 /* XCRemoteSwiftPackageReference "firebase-ios-sdk" */;
			productName = FirebaseDatabase;
		};
		06BE9E872966544300E70E72 /* FirebaseDatabaseSwift */ = {
			isa = XCSwiftPackageProductDependency;
			package = 06BE9E802966544300E70E72 /* XCRemoteSwiftPackageReference "firebase-ios-sdk" */;
			productName = FirebaseDatabaseSwift;
		};
		06BE9E892966544300E70E72 /* FirebaseFirestore */ = {
			isa = XCSwiftPackageProductDependency;
			package = 06BE9E802966544300E70E72 /* XCRemoteSwiftPackageReference "firebase-ios-sdk" */;
			productName = FirebaseFirestore;
		};
		06BE9E8B2966544300E70E72 /* FirebaseFirestoreSwift */ = {
			isa = XCSwiftPackageProductDependency;
			package = 06BE9E802966544300E70E72 /* XCRemoteSwiftPackageReference "firebase-ios-sdk" */;
			productName = FirebaseFirestoreSwift;
		};
		06BE9E8D2966544400E70E72 /* FirebaseStorage */ = {
			isa = XCSwiftPackageProductDependency;
			package = 06BE9E802966544300E70E72 /* XCRemoteSwiftPackageReference "firebase-ios-sdk" */;
			productName = FirebaseStorage;
		};
/* End XCSwiftPackageProductDependency section */
	};
	rootObject = 06BE9E652966501A00E70E72 /* Project object */;
}
